
Microsoft Visual Studio Solution File, Format Version 12.00
# Visual Studio Version 16
VisualStudioVersion = 16.0.30204.135
MinimumVisualStudioVersion = 10.0.40219.1
Project("{FAE04EC0-301F-11D3-BF4B-00C04F79EFBC}") = "WebApplication1", "WebApplication1\WebApplication1.csproj", "{8DBCD6A1-3F36-4701-8C5E-B5A9A2425243}"
EndProject
Global
	GlobalSection(SolutionConfigurationPlatforms) = preSolution
		Debug|Any CPU = Debug|Any CPU
		Release|Any CPU = Release|Any CPU
	EndGlobalSection
	GlobalSection(ProjectConfigurationPlatforms) = postSolution
		{8DBCD6A1-3F36-4701-8C5E-B5A9A2425243}.Debug|Any CPU.ActiveCfg = Debug|Any CPU
		{8DBCD6A1-3F36-4701-8C5E-B5A9A2425243}.Debug|Any CPU.Build.0 = Debug|Any CPU
		{8DBCD6A1-3F36-4701-8C5E-B5A9A2425243}.Release|Any CPU.ActiveCfg = Release|Any CPU
		{8DBCD6A1-3F36-4701-8C5E-B5A9A2425243}.Release|Any CPU.Build.0 = Release|Any CPU
	EndGlobalSection
	GlobalSection(SolutionProperties) = preSolution
		HideSolutionNode = FALSE
	EndGlobalSection
	GlobalSection(ExtensibilityGlobals) = postSolution
		SolutionGuid = {DE29B900-80CC-4382-B465-3D3CF7628E40}
	EndGlobalSection
EndGlobal
